Microsoft Visual Studio Solution File, Format Version 12.00
# Visual Studio Version 17
VisualStudioVersion = 17.5.2.0
MinimumVisualStudioVersion = 10.0.40219.1
Project("{FAE04EC0-301F-11D3-BF4B-00C04F79EFBC}") = "DealManagementSystem", "DealManagementSystem.csproj", "{608F1F0C-DBD0-657C-9862-64E761E77E9D}"
EndProject
Global
	GlobalSection(SolutionConfigurationPlatforms) = preSolution
		Debug|Any CPU = Debug|Any CPU
		Release|Any CPU = Release|Any CPU
	EndGlobalSection
	GlobalSection(ProjectConfigurationPlatforms) = postSolution
		{608F1F0C-DBD0-657C-9862-64E761E77E9D}.Debug|Any CPU.ActiveCfg = Debug|Any CPU
		{608F1F0C-DBD0-657C-9862-64E761E77E9D}.Debug|Any CPU.Build.0 = Debug|Any CPU
		{608F1F0C-DBD0-657C-9862-64E761E77E9D}.Release|Any CPU.ActiveCfg = Release|Any CPU
		{608F1F0C-DBD0-657C-9862-64E761E77E9D}.Release|Any CPU.Build.0 = Release|Any CPU
	EndGlobalSection
	GlobalSection(SolutionProperties) = preSolution
		HideSolutionNode = FALSE
	EndGlobalSection
	GlobalSection(ExtensibilityGlobals) = postSolution
		SolutionGuid = {235D4F45-CCFC-432C-8A1B-55D1249D469D}
	EndGlobalSection
EndGlobal
